
Microsoft Visual Studio Solution File, Format Version 12.00
# Visual Studio Version 16
VisualStudioVersion = 16.0.28917.182
MinimumVisualStudioVersion = 10.0.40219.1
Project("{888888A0-9F3D-457C-B088-3A5042F75D52}") = "dataPython", "dataPython.pyproj", "{EA7C1D9D-3942-4767-8003-1E26DF7E661C}"
EndProject
Global
	GlobalSection(SolutionConfigurationPlatforms) = preSolution
		Debug|Any CPU = Debug|Any CPU
		Release|Any CPU = Release|Any CPU
	EndGlobalSection
	GlobalSection(ProjectConfigurationPlatforms) = postSolution
		{EA7C1D9D-3942-4767-8003-1E26DF7E661C}.Debug|Any CPU.ActiveCfg = Debug|Any CPU
		{EA7C1D9D-3942-4767-8003-1E26DF7E661C}.Release|Any CPU.ActiveCfg = Release|Any CPU
	EndGlobalSection
	GlobalSection(SolutionProperties) = preSolution
		HideSolutionNode = FALSE
	EndGlobalSection
	GlobalSection(ExtensibilityGlobals) = postSolution
		SolutionGuid = {706E5E05-F3CD-4859-8D19-519F089237A8}
	EndGlobalSection
EndGlobal
